<?xml version="1.0" encoding="utf-8"?>
<Project ToolsVersion="4.0" xmlns="http://schemas.microsoft.com/developer/msbuild/2003">
  <ItemGroup>
    <Filter Include="Source Files">
      <UniqueIdentifier>{4FC737F1-C7A5-4376-A066-2A32D752A2FF}</UniqueIdentifier>
      <Extensions>cpp;c;cc;cxx;c++;cppm;ixx;def;odl;idl;hpj;bat;asm;asmx</Extensions>
    </Filter>
    <Filter Include="Header Files">
      <UniqueIdentifier>{93995380-89BD-4b04-88EB-625FBE52EBFB}</UniqueIdentifier>
      <Extensions>h;hh;hpp;hxx;h++;hm;inl;inc;ipp;xsd</Extensions>
    </Filter>
    <Filter Include="Resource Files">
      <UniqueIdentifier>{67DA6AB6-F800-4c08-8B7A-83BB121AAD01}</UniqueIdentifier>
      <Extensions>rc;ico;cur;bmp;dlg;rc2;rct;bin;rgs;gif;jpg;jpeg;jpe;resx;tiff;tif;png;wav;mfcribbon-ms</Extensions>
    </Filter>
  </ItemGroup>
  <ItemGroup>
    <ClCompile Include="Source\SpaceInvader2.0.cpp">
      <Filter>Source Files</Filter>
    </ClCompile>
    <ClCompile Include="Source\Game.cpp">
      <Filter>Source Files</Filter>
    </ClCompile>
    <ClCompile Include="Source\Utils\Shader.cpp">
      <Filter>Source Files</Filter>
    </ClCompile>
    <ClCompile Include="Source\Utils\VertexArray.cpp">
      <Filter>Source Files</Filter>
    </ClCompile>
    <ClCompile Include="Source\Utils\Texture.cpp">
      <Filter>Source Files</Filter>
    </ClCompile>
  </ItemGroup>
  <ItemGroup>
    <ClInclude Include="Source\Game.h">
      <Filter>Header Files</Filter>
    </ClInclude>
    <ClInclude Include="Include\glew\glew.h">
      <Filter>Header Files</Filter>
    </ClInclude>
    <ClInclude Include="Include\SOIL\SOIL2.h">
      <Filter>Header Files</Filter>
    </ClInclude>
    <ClInclude Include="Source\Utils\Shader.h">
      <Filter>Header Files</Filter>
    </ClInclude>
    <ClInclude Include="Source\Utils\VertexArray.h">
      <Filter>Header Files</Filter>
    </ClInclude>
    <ClInclude Include="Source\Utils\Texture.h">
      <Filter>Header Files</Filter>
    </ClInclude>
  </ItemGroup>
  <ItemGroup>
    <None Include="Lib\glew32.dll" />
    <None Include="Lib\SDL2.dll" />
    <None Include="Shaders\Shader.vert" />
    <None Include="Shaders\Shader.frag" />
    <None Include="Shaders\ShipShader.frag" />
  </ItemGroup>
  <ItemGroup>
    <Image Include="Assets\graphics\a1.png">
      <Filter>Resource Files</Filter>
    </Image>
    <Image Include="Assets\graphics\background.jpg">
      <Filter>Resource Files</Filter>
    </Image>
    <Image Include="Assets\graphics\BlueExplosionSprite.png">
      <Filter>Resource Files</Filter>
    </Image>
    <Image Include="Assets\graphics\bullet.png">
      <Filter>Resource Files</Filter>
    </Image>
    <Image Include="Assets\graphics\Bullet1.png">
      <Filter>Resource Files</Filter>
    </Image>
    <Image Include="Assets\graphics\Bullet2.png">
      <Filter>Resource Files</Filter>
    </Image>
    <Image Include="Assets\graphics\bulletRemake.png">
      <Filter>Resource Files</Filter>
    </Image>
    <Image Include="Assets\graphics\bulletRemake2.png">
      <Filter>Resource Files</Filter>
    </Image>
    <Image Include="Assets\graphics\coin.png">
      <Filter>Resource Files</Filter>
    </Image>
    <Image Include="Assets\graphics\ExplosionSprite.png">
      <Filter>Resource Files</Filter>
    </Image>
    <Image Include="Assets\graphics\GreenExplosionSprite.png">
      <Filter>Resource Files</Filter>
    </Image>
    <Image Include="Assets\graphics\healthPotion.png">
      <Filter>Resource Files</Filter>
    </Image>
    <Image Include="Assets\graphics\invader1.png">
      <Filter>Resource Files</Filter>
    </Image>
    <Image Include="Assets\graphics\player.png">
      <Filter>Resource Files</Filter>
    </Image>
    <Image Include="Assets\graphics\playership.png">
      <Filter>Resource Files</Filter>
    </Image>
  </ItemGroup>
</Project>